
Microsoft Visual Studio Solution File, Format Version 12.00
# Visual Studio 15
VisualStudioVersion = 15.0.27703.2047
MinimumVisualStudioVersion = 10.0.40219.1
Project("{FAE04EC0-301F-11D3-BF4B-00C04F79EFBC}") = "Zalora_ConsoleApp1", "Zalora_ConsoleApp1\Zalora_ConsoleApp1.csproj", "{0C8A71DA-A6E1-45FC-A4F3-2F825AD6AAFF}"
EndProject
Global
	GlobalSection(SolutionConfigurationPlatforms) = preSolution
		Debug|Any CPU = Debug|Any CPU
		Release|Any CPU = Release|Any CPU
	EndGlobalSection
	GlobalSection(ProjectConfigurationPlatforms) = postSolution
		{0C8A71DA-A6E1-45FC-A4F3-2F825AD6AAFF}.Debug|Any CPU.ActiveCfg = Debug|Any CPU
		{0C8A71DA-A6E1-45FC-A4F3-2F825AD6AAFF}.Debug|Any CPU.Build.0 = Debug|Any CPU
		{0C8A71DA-A6E1-45FC-A4F3-2F825AD6AAFF}.Release|Any CPU.ActiveCfg = Release|Any CPU
		{0C8A71DA-A6E1-45FC-A4F3-2F825AD6AAFF}.Release|Any CPU.Build.0 = Release|Any CPU
	EndGlobalSection
	GlobalSection(SolutionProperties) = preSolution
		HideSolutionNode = FALSE
	EndGlobalSection
	GlobalSection(ExtensibilityGlobals) = postSolution
		SolutionGuid = {4D218521-59E3-4F8F-8A4C-7920D14BBD5D}
	EndGlobalSection
EndGlobal
